
Microsoft Visual Studio Solution File, Format Version 11.00
# Visual Studio 2010
Project("{F184B08F-C81C-45F6-A57F-5ABD9991F28F}") = "CacheSnort", "CacheSnort\CacheSnort.vbproj", "{B121A31F-45EF-4BB1-9BB9-3C00DBA7EC21}"
EndProject
Global
	GlobalSection(SolutionConfigurationPlatforms) = preSolution
		Debug|x86 = Debug|x86
		Release|x86 = Release|x86
	EndGlobalSection
	GlobalSection(ProjectConfigurationPlatforms) = postSolution
		{B121A31F-45EF-4BB1-9BB9-3C00DBA7EC21}.Debug|x86.ActiveCfg = Debug|x86
		{B121A31F-45EF-4BB1-9BB9-3C00DBA7EC21}.Debug|x86.Build.0 = Debug|x86
		{B121A31F-45EF-4BB1-9BB9-3C00DBA7EC21}.Release|x86.ActiveCfg = Release|x86
		{B121A31F-45EF-4BB1-9BB9-3C00DBA7EC21}.Release|x86.Build.0 = Release|x86
	EndGlobalSection
	GlobalSection(SolutionProperties) = preSolution
		HideSolutionNode = FALSE
	EndGlobalSection
EndGlobal
